
Microsoft Visual Studio Solution File, Format Version 12.00
# Visual Studio Version 17
VisualStudioVersion = 17.7.34009.444
MinimumVisualStudioVersion = 10.0.40219.1
Project("{FAE04EC0-301F-11D3-BF4B-00C04F79EFBC}") = "LearnImmutable", "LearnImmutable\LearnImmutable.csproj", "{AF49BA48-4F11-42C8-8FF1-6B0F67BA610C}"
EndProject
Project("{FAE04EC0-301F-11D3-BF4B-00C04F79EFBC}") = "LearnImmutableTest", "LearnImmutableTest\LearnImmutableTest.csproj", "{0F20BA72-A41B-424B-B586-C0CD37DCC77E}"
EndProject
Global
	GlobalSection(SolutionConfigurationPlatforms) = preSolution
		Debug|Any CPU = Debug|Any CPU
		Release|Any CPU = Release|Any CPU
	EndGlobalSection
	GlobalSection(ProjectConfigurationPlatforms) = postSolution
		{AF49BA48-4F11-42C8-8FF1-6B0F67BA610C}.Debug|Any CPU.ActiveCfg = Debug|Any CPU
		{AF49BA48-4F11-42C8-8FF1-6B0F67BA610C}.Debug|Any CPU.Build.0 = Debug|Any CPU
		{AF49BA48-4F11-42C8-8FF1-6B0F67BA610C}.Release|Any CPU.ActiveCfg = Release|Any CPU
		{AF49BA48-4F11-42C8-8FF1-6B0F67BA610C}.Release|Any CPU.Build.0 = Release|Any CPU
		{0F20BA72-A41B-424B-B586-C0CD37DCC77E}.Debug|Any CPU.ActiveCfg = Debug|Any CPU
		{0F20BA72-A41B-424B-B586-C0CD37DCC77E}.Debug|Any CPU.Build.0 = Debug|Any CPU
		{0F20BA72-A41B-424B-B586-C0CD37DCC77E}.Release|Any CPU.ActiveCfg = Release|Any CPU
		{0F20BA72-A41B-424B-B586-C0CD37DCC77E}.Release|Any CPU.Build.0 = Release|Any CPU
	EndGlobalSection
	GlobalSection(SolutionProperties) = preSolution
		HideSolutionNode = FALSE
	EndGlobalSection
	GlobalSection(ExtensibilityGlobals) = postSolution
		SolutionGuid = {5310383A-3DDD-441B-97C6-8D9C7FB31EE7}
	EndGlobalSection
EndGlobal
