
Microsoft Visual Studio Solution File, Format Version 12.00
# Visual Studio Version 17
VisualStudioVersion = 17.7.34009.444
MinimumVisualStudioVersion = 10.0.40219.1
Project("{FAE04EC0-301F-11D3-BF4B-00C04F79EFBC}") = "DSA-Lab1-1", "DSA-Lab1-1\DSA-Lab1-1.csproj", "{1E81734C-C942-4599-A0FC-D4853592BDBB}"
EndProject
Project("{FAE04EC0-301F-11D3-BF4B-00C04F79EFBC}") = "DSA-Lab1-1Test", "DSA-Lab1-1Test\DSA-Lab1-1Test.csproj", "{CA3E7E6A-9624-4DEF-9AF4-A3BF5B54C394}"
EndProject
Global
	GlobalSection(SolutionConfigurationPlatforms) = preSolution
		Debug|Any CPU = Debug|Any CPU
		Release|Any CPU = Release|Any CPU
	EndGlobalSection
	GlobalSection(ProjectConfigurationPlatforms) = postSolution
		{1E81734C-C942-4599-A0FC-D4853592BDBB}.Debug|Any CPU.ActiveCfg = Debug|Any CPU
		{1E81734C-C942-4599-A0FC-D4853592BDBB}.Debug|Any CPU.Build.0 = Debug|Any CPU
		{1E81734C-C942-4599-A0FC-D4853592BDBB}.Release|Any CPU.ActiveCfg = Release|Any CPU
		{1E81734C-C942-4599-A0FC-D4853592BDBB}.Release|Any CPU.Build.0 = Release|Any CPU
		{CA3E7E6A-9624-4DEF-9AF4-A3BF5B54C394}.Debug|Any CPU.ActiveCfg = Debug|Any CPU
		{CA3E7E6A-9624-4DEF-9AF4-A3BF5B54C394}.Debug|Any CPU.Build.0 = Debug|Any CPU
		{CA3E7E6A-9624-4DEF-9AF4-A3BF5B54C394}.Release|Any CPU.ActiveCfg = Release|Any CPU
		{CA3E7E6A-9624-4DEF-9AF4-A3BF5B54C394}.Release|Any CPU.Build.0 = Release|Any CPU
	EndGlobalSection
	GlobalSection(SolutionProperties) = preSolution
		HideSolutionNode = FALSE
	EndGlobalSection
	GlobalSection(ExtensibilityGlobals) = postSolution
		SolutionGuid = {3EC78D69-4809-4B54-8633-8D409D4E83DB}
	EndGlobalSection
EndGlobal
